github.com/NumberMan1/encrypt v0.0.0-20250106152441-3d6efa0ff9a3 h1:9TRWz/KwuBX8PvOdd6OWYBaDN811H7cmeMynClNr5tU=
github.com/NumberMan1/encrypt v0.0.0-20250106152441-3d6efa0ff9a3/go.mod h1:qJbnuzSqVl/+Tt72ezcUB3WLG4+xOgTtC4e/y40nQQc=
github.com/NumberMan1/unittest v0.0.0-20241227024649-02a9871d9a16 h1:KU1wjz5mFcSBx3smA4ARG8QP+HQKaVv/zVPd5rEeHDo=
github.com/NumberMan1/unittest v0.0.0-20241227024649-02a9871d9a16/go.mod h1:7PcmGaU/m0Hk/1YYLvgNr3nJpPY6ERo7b+h5gsKRraw=
